<?xml version='1.0' encoding='utf-8'?>
<Project xmlns="http://schemas.microsoft.com/developer/msbuild/2003" ToolsVersion="4.0">
  <ItemGroup>
    <Filter Include="Source Files">
      <UniqueIdentifier>{4FC737F1-C7A5-4376-A066-2A32D752A2FF}</UniqueIdentifier>
      <Extensions>cpp;c;cc;cxx;c++;cppm;ixx;def;odl;idl;hpj;bat;asm;asmx</Extensions>
    </Filter>
    <Filter Include="Header Files">
      <UniqueIdentifier>{93995380-89BD-4b04-88EB-625FBE52EBFB}</UniqueIdentifier>
      <Extensions>h;hh;hpp;hxx;h++;hm;inl;inc;ipp;xsd</Extensions>
    </Filter>
    <Filter Include="Resource Files">
      <UniqueIdentifier>{67DA6AB6-F800-4c08-8B7A-83BB121AAD01}</UniqueIdentifier>
      <Extensions>rc;ico;cur;bmp;dlg;rc2;rct;bin;rgs;gif;jpg;jpeg;jpe;resx;tiff;tif;png;wav;mfcribbon-ms</Extensions>
    </Filter>
  <Filter Include="Header Files\Common"><UniqueIdentifier>{00000000-0000-0000-0000-000000000000}</UniqueIdentifier></Filter><Filter Include="Header Files\Localization"><UniqueIdentifier>{00000000-0000-0000-0000-000000000000}</UniqueIdentifier></Filter><Filter Include="Header Files\Models"><UniqueIdentifier>{00000000-0000-0000-0000-000000000000}</UniqueIdentifier></Filter><Filter Include="Header Files\Data"><UniqueIdentifier>{00000000-0000-0000-0000-000000000000}</UniqueIdentifier></Filter><Filter Include="Header Files\UI"><UniqueIdentifier>{00000000-0000-0000-0000-000000000000}</UniqueIdentifier></Filter><Filter Include="Source Files\Common"><UniqueIdentifier>{00000000-0000-0000-0000-000000000000}</UniqueIdentifier></Filter><Filter Include="Source Files\Localization"><UniqueIdentifier>{00000000-0000-0000-0000-000000000000}</UniqueIdentifier></Filter><Filter Include="Source Files\Models"><UniqueIdentifier>{00000000-0000-0000-0000-000000000000}</UniqueIdentifier></Filter><Filter Include="Source Files\Data"><UniqueIdentifier>{00000000-0000-0000-0000-000000000000}</UniqueIdentifier></Filter><Filter Include="Source Files\UI"><UniqueIdentifier>{00000000-0000-0000-0000-000000000000}</UniqueIdentifier></Filter></ItemGroup>
  <ItemGroup><ClInclude Include="Common\AppConstants.h"><Filter>Header Files\Common</Filter></ClInclude><ClInclude Include="Common\AppSettings.h"><Filter>Header Files\Common</Filter></ClInclude><ClInclude Include="Common\DateUtil.h"><Filter>Header Files\Common</Filter></ClInclude><ClInclude Include="Common\StringKeys.h"><Filter>Header Files\Common</Filter></ClInclude><ClInclude Include="Common\StringUtil.h"><Filter>Header Files\Common</Filter></ClInclude><ClInclude Include="Localization\LanguageManager.h"><Filter>Header Files\Localization</Filter></ClInclude><ClInclude Include="Models\DataTypes.h"><Filter>Header Files\Models</Filter></ClInclude><ClInclude Include="Models\FieldInfo.h"><Filter>Header Files\Models</Filter></ClInclude><ClInclude Include="Models\NhanVienInfo.h"><Filter>Header Files\Models</Filter></ClInclude><ClInclude Include="Models\NhanVienSchema.h"><Filter>Header Files\Models</Filter></ClInclude><ClInclude Include="Models\NhanVienValidator.h"><Filter>Header Files\Models</Filter></ClInclude><ClInclude Include="Data\DBManager.h"><Filter>Header Files\Data</Filter></ClInclude><ClInclude Include="Data\NhanVienRepository.h"><Filter>Header Files\Data</Filter></ClInclude><ClInclude Include="Data\SchemaRepository.h"><Filter>Header Files\Data</Filter></ClInclude><ClInclude Include="Data\SqlUtil.h"><Filter>Header Files\Data</Filter></ClInclude><ClInclude Include="UI\BaseDialog.h"><Filter>Header Files\UI</Filter></ClInclude><ClInclude Include="UI\UiHelpers.h"><Filter>Header Files\UI</Filter></ClInclude><ClInclude Include="UI\CDlgLogin.h"><Filter>Header Files\UI</Filter></ClInclude><ClInclude Include="UI\CDlgConnectDB.h"><Filter>Header Files\UI</Filter></ClInclude><ClInclude Include="UI\CDlgTableSchema.h"><Filter>Header Files\UI</Filter></ClInclude><ClInclude Include="UI\CDlgNhanVienInfo.h"><Filter>Header Files\UI</Filter></ClInclude><ClInclude Include="UI\NhanVienManagerDlg.h"><Filter>Header Files\UI</Filter></ClInclude><ClInclude Include="NhanVienManager.h"><Filter>Header Files</Filter></ClInclude><ClInclude Include="framework.h"><Filter>Header Files</Filter></ClInclude><ClInclude Include="pch.h"><Filter>Header Files</Filter></ClInclude><ClInclude Include="Resource.h"><Filter>Header Files</Filter></ClInclude><ClInclude Include="targetver.h"><Filter>Header Files</Filter></ClInclude></ItemGroup><ItemGroup><ClCompile Include="Common\AppSettings.cpp"><Filter>Source Files\Common</Filter></ClCompile><ClCompile Include="Localization\LanguageManager.cpp"><Filter>Source Files\Localization</Filter></ClCompile><ClCompile Include="Models\NhanVienSchema.cpp"><Filter>Source Files\Models</Filter></ClCompile><ClCompile Include="Models\NhanVienValidator.cpp"><Filter>Source Files\Models</Filter></ClCompile><ClCompile Include="Data\DBManager.cpp"><Filter>Source Files\Data</Filter></ClCompile><ClCompile Include="Data\NhanVienRepository.cpp"><Filter>Source Files\Data</Filter></ClCompile><ClCompile Include="Data\SchemaRepository.cpp"><Filter>Source Files\Data</Filter></ClCompile><ClCompile Include="Data\SqlUtil.cpp"><Filter>Source Files\Data</Filter></ClCompile><ClCompile Include="UI\BaseDialog.cpp"><Filter>Source Files\UI</Filter></ClCompile><ClCompile Include="UI\UiHelpers.cpp"><Filter>Source Files\UI</Filter></ClCompile><ClCompile Include="UI\CDlgLogin.cpp"><Filter>Source Files\UI</Filter></ClCompile><ClCompile Include="UI\CDlgConnectDB.cpp"><Filter>Source Files\UI</Filter></ClCompile><ClCompile Include="UI\CDlgTableSchema.cpp"><Filter>Source Files\UI</Filter></ClCompile><ClCompile Include="UI\CDlgNhanVienInfo.cpp"><Filter>Source Files\UI</Filter></ClCompile><ClCompile Include="UI\NhanVienManagerDlg.cpp"><Filter>Source Files\UI</Filter></ClCompile><ClCompile Include="NhanVienManager.cpp"><Filter>Source Files</Filter></ClCompile><ClCompile Include="pch.cpp"><Filter>Source Files</Filter></ClCompile></ItemGroup><ItemGroup><ResourceCompile Include="NhanVienManager.rc"><Filter>Resource Files</Filter></ResourceCompile></ItemGroup><ItemGroup><None Include="res\NhanVienManager.rc2"><Filter>Resource Files</Filter></None></ItemGroup><ItemGroup><Image Include="res\NhanVienManager.ico"><Filter>Resource Files</Filter></Image></ItemGroup></Project>